// !$*UTF8*$!
{
	archiveVersion = 1;
	classes = {
	};
	objectVersion = 46;
	objects = {

/* Begin PBXBuildFile section */
		FA37AA571C5524BF00834CDF /* Font+MonospacedDigits.swift in Sources */ = {isa = PBXBuildFile; fileRef = FA37AA561C5524BF00834CDF /* Font+MonospacedDigits.swift */; };
		FA774CDD1C46D67500EED88E /* CounterViewController.swift in Sources */ = {isa = PBXBuildFile; fileRef = FA774CDC1C46D67500EED88E /* CounterViewController.swift */; };
		FAF613F91C459CA100D320B4 /* AppDelegate.swift in Sources */ = {isa = PBXBuildFile; fileRef = FAF613F81C459CA100D320B4 /* AppDelegate.swift */; };
		FAF613FE1C459CA100D320B4 /* Main.storyboard in Resources */ = {isa = PBXBuildFile; fileRef = FAF613FC1C459CA100D320B4 /* Main.storyboard */; };
		FAF614001C459CA100D320B4 /* Assets.xcassets in Resources */ = {isa = PBXBuildFile; fileRef = FAF613FF1C459CA100D320B4 /* Assets.xcassets */; };
		FAF614031C459CA100D320B4 /* LaunchScreen.storyboard in Resources */ = {isa = PBXBuildFile; fileRef = FAF614011C459CA100D320B4 /* LaunchScreen.storyboard */; };
		FAF6140E1C459CA100D320B4 /* CounterTests.swift in Sources */ = {isa = PBXBuildFile; fileRef = FAF6140D1C459CA100D320B4 /* CounterTests.swift */; };
		FAF614191C459CA100D320B4 /* CounterUITests.swift in Sources */ = {isa = PBXBuildFile; fileRef = FAF614181C459CA100D320B4 /* CounterUITests.swift */; };
/* End PBXBuildFile section */

/* Begin PBXContainerItemProxy section */
		FAF6140A1C459CA100D320B4 /* PBXContainerItemProxy */ = {
			isa = PBXContainerItemProxy;
			containerPortal = FAF613ED1C459CA100D320B4 /* Project object */;
			proxyType = 1;
			remoteGlobalIDString = FAF613F41C459CA100D320B4;
			remoteInfo = Counter;
		};
		FAF614151C459CA100D320B4 /* PBXContainerItemProxy */ = {
			isa = PBXContainerItemProxy;
			containerPortal = FAF613ED1C459CA100D320B4 /* Project object */;
			proxyType = 1;
			remoteGlobalIDString = FAF613F41C459CA100D320B4;
			remoteInfo = Counter;
		};
/* End PBXContainerItemProxy section */

/* Begin PBXFileReference section */
		FA37AA561C5524BF00834CDF /* Font+MonospacedDigits.swift */ = {isa = PBXFileReference; fileEncoding = 4; lastKnownFileType = sourcecode.swift; path = "Font+MonospacedDigits.swift"; sourceTree = "<group>"; };
		FA774CDC1C46D67500EED88E /* CounterViewController.swift */ = {isa = PBXFileReference; fileEncoding = 4; lastKnownFileType = sourcecode.swift; path = CounterViewController.swift; sourceTree = "<group>"; };
		FAF613F51C459CA100D320B4 /* Counter.app */ = {isa = PBXFileReference; explicitFileType = wrapper.application; includeInIndex = 0; path = Counter.app; sourceTree = BUILT_PRODUCTS_DIR; };
		FAF613F81C459CA100D320B4 /* AppDelegate.swift */ = {isa = PBXFileReference; lastKnownFileType = sourcecode.swift; path = AppDelegate.swift; sourceTree = "<group>"; };
		FAF613FD1C459CA100D320B4 /* Base */ = {isa = PBXFileReference; lastKnownFileType = file.storyboard; name = Base; path = Base.lproj/Main.storyboard; sourceTree = "<group>"; };
		FAF613FF1C459CA100D320B4 /* Assets.xcassets */ = {isa = PBXFileReference; lastKnownFileType = folder.assetcatalog; path = Assets.xcassets; sourceTree = "<group>"; };
		FAF614021C459CA100D320B4 /* Base */ = {isa = PBXFileReference; lastKnownFileType = file.storyboard; name = Base; path = Base.lproj/LaunchScreen.storyboard; sourceTree = "<group>"; };
		FAF614041C459CA100D320B4 /* Info.plist */ = {isa = PBXFileReference; lastKnownFileType = text.plist.xml; path = Info.plist; sourceTree = "<group>"; };
		FAF614091C459CA100D320B4 /* CounterTests.xctest */ = {isa = PBXFileReference; explicitFileType = wrapper.cfbundle; includeInIndex = 0; path = CounterTests.xctest; sourceTree = BUILT_PRODUCTS_DIR; };
		FAF6140D1C459CA100D320B4 /* CounterTests.swift */ = {isa = PBXFileReference; lastKnownFileType = sourcecode.swift; path = CounterTests.swift; sourceTree = "<group>"; };
		FAF6140F1C459CA100D320B4 /* Info.plist */ = {isa = PBXFileReference; lastKnownFileType = text.plist.xml; path = Info.plist; sourceTree = "<group>"; };
		FAF614141C459CA100D320B4 /* CounterUITests.xctest */ = {isa = PBXFileReference; explicitFileType = wrapper.cfbundle; includeInIndex = 0; path = CounterUITests.xctest; sourceTree = BUILT_PRODUCTS_DIR; };
		FAF614181C459CA100D320B4 /* CounterUITests.swift */ = {isa = PBXFileReference; lastKnownFileType = sourcecode.swift; path = CounterUITests.swift; sourceTree = "<group>"; };
		FAF6141A1C459CA100D320B4 /* Info.plist */ = {isa = PBXFileReference; lastKnownFileType = text.plist.xml; path = Info.plist; sourceTree = "<group>"; };
/* End PBXFileReference section */

/* Begin PBXFrameworksBuildPhase section */
		FAF613F21C459CA100D320B4 /* Frameworks */ = {
			isa = PBXFrameworksBuildPhase;
			buildActionMask = 2147483647;
			files = (
			);
			runOnlyForDeploymentPostprocessing = 0;
		};
		FAF614061C459CA100D320B4 /* Frameworks */ = {
			isa = PBXFrameworksBuildPhase;
			buildActionMask = 2147483647;
			files = (
			);
			runOnlyForDeploymentPostprocessing = 0;
		};
		FAF614111C459CA100D320B4 /* Frameworks */ = {
			isa = PBXFrameworksBuildPhase;
			buildActionMask = 2147483647;
			files = (
			);
			runOnlyForDeploymentPostprocessing = 0;
		};
/* End PBXFrameworksBuildPhase section */

/* Begin PBXGroup section */
		FAF613EC1C459CA100D320B4 = {
			isa = PBXGroup;
			children = (
				FAF613F71C459CA100D320B4 /* Counter */,
				FAF6140C1C459CA100D320B4 /* CounterTests */,
				FAF614171C459CA100D320B4 /* CounterUITests */,
				FAF613F61C459CA100D320B4 /* Products */,
			);
			sourceTree = "<group>";
		};
		FAF613F61C459CA100D320B4 /* Products */ = {
			isa = PBXGroup;
			children = (
				FAF613F51C459CA100D320B4 /* Counter.app */,
				FAF614091C459CA100D320B4 /* CounterTests.xctest */,
				FAF614141C459CA100D320B4 /* CounterUITests.xctest */,
			);
			name = Products;
			sourceTree = "<group>";
		};
		FAF613F71C459CA100D320B4 /* Counter */ = {
			isa = PBXGroup;
			children = (
				FA37AA561C5524BF00834CDF /* Font+MonospacedDigits.swift */,
				FAF613F81C459CA100D320B4 /* AppDelegate.swift */,
				FA774CDC1C46D67500EED88E /* CounterViewController.swift */,
				FAF613FC1C459CA100D320B4 /* Main.storyboard */,
				FAF613FF1C459CA100D320B4 /* Assets.xcassets */,
				FAF614011C459CA100D320B4 /* LaunchScreen.storyboard */,
				FAF614041C459CA100D320B4 /* Info.plist */,
			);
			path = Counter;
			sourceTree = "<group>";
		};
		FAF6140C1C459CA100D320B4 /* CounterTests */ = {
			isa = PBXGroup;
			children = (
				FAF6140D1C459CA100D320B4 /* CounterTests.swift */,
				FAF6140F1C459CA100D320B4 /* Info.plist */,
			);
			path = CounterTests;
			sourceTree = "<group>";
		};
		FAF614171C459CA100D320B4 /* CounterUITests */ = {
			isa = PBXGroup;
			children = (
				FAF614181C459CA100D320B4 /* CounterUITests.swift */,
				FAF6141A1C459CA100D320B4 /* Info.plist */,
			);
			path = CounterUITests;
			sourceTree = "<group>";
		};
/* End PBXGroup section */

/* Begin PBXNativeTarget section */
		FAF613F41C459CA100D320B4 /* Counter */ = {
			isa = PBXNativeTarget;
			buildConfigurationList = FAF6141D1C459CA100D320B4 /* Build configuration list for PBXNativeTarget "Counter" */;
			buildPhases = (
				FAF613F11C459CA100D320B4 /* Sources */,
				FAF613F21C459CA100D320B4 /* Frameworks */,
				FAF613F31C459CA100D320B4 /* Resources */,
			);
			buildRules = (
			);
			dependencies = (
			);
			name = Counter;
			productName = Counter;
			productReference = FAF613F51C459CA100D320B4 /* Counter.app */;
			productType = "com.apple.product-type.application";
		};
		FAF614081C459CA100D320B4 /* CounterTests */ = {
			isa = PBXNativeTarget;
			buildConfigurationList = FAF614201C459CA100D320B4 /* Build configuration list for PBXNativeTarget "CounterTests" */;
			buildPhases = (
				FAF614051C459CA100D320B4 /* Sources */,
				FAF614061C459CA100D320B4 /* Frameworks */,
				FAF614071C459CA100D320B4 /* Resources */,
			);
			buildRules = (
			);
			dependencies = (
				FAF6140B1C459CA100D320B4 /* PBXTargetDependency */,
			);
			name = CounterTests;
			productName = CounterTests;
			productReference = FAF614091C459CA100D320B4 /* CounterTests.xctest */;
			productType = "com.apple.product-type.bundle.unit-test";
		};
		FAF614131C459CA100D320B4 /* CounterUITests */ = {
			isa = PBXNativeTarget;
			buildConfigurationList = FAF614231C459CA100D320B4 /* Build configuration list for PBXNativeTarget "CounterUITests" */;
			buildPhases = (
				FAF614101C459CA100D320B4 /* Sources */,
				FAF614111C459CA100D320B4 /* Frameworks */,
				FAF614121C459CA100D320B4 /* Resources */,
			);
			buildRules = (
			);
			dependencies = (
				FAF614161C459CA100D320B4 /* PBXTargetDependency */,
			);
			name = CounterUITests;
			productName = CounterUITests;
			productReference = FAF614141C459CA100D320B4 /* CounterUITests.xctest */;
			productType = "com.apple.product-type.bundle.ui-testing";
		};
/* End PBXNativeTarget section */

/* Begin PBXProject section */
		FAF613ED1C459CA100D320B4 /* Project object */ = {
			isa = PBXProject;
			attributes = {
				LastSwiftUpdateCheck = 0710;
				LastUpgradeCheck = 0710;
				ORGANIZATIONNAME = "Jerry Zhang";
				TargetAttributes = {
					FAF613F41C459CA100D320B4 = {
						CreatedOnToolsVersion = 7.1.1;
					};
					FAF614081C459CA100D320B4 = {
						CreatedOnToolsVersion = 7.1.1;
						TestTargetID = FAF613F41C459CA100D320B4;
					};
					FAF614131C459CA100D320B4 = {
						CreatedOnToolsVersion = 7.1.1;
						TestTargetID = FAF613F41C459CA100D320B4;
					};
				};
			};
			buildConfigurationList = FAF613F01C459CA100D320B4 /* Build configuration list for PBXProject "Counter" */;
			compatibilityVersion = "Xcode 3.2";
			developmentRegion = English;
			hasScannedForEncodings = 0;
			knownRegions = (
				en,
				Base,
			);
			mainGroup = FAF613EC1C459CA100D320B4;
			productRefGroup = FAF613F61C459CA100D320B4 /* Products */;
			projectDirPath = "";
			projectRoot = "";
			targets = (
				FAF613F41C459CA100D320B4 /* Counter */,
				FAF614081C459CA100D320B4 /* CounterTests */,
				FAF614131C459CA100D320B4 /* CounterUITests */,
			);
		};
/* End PBXProject section */

/* Begin PBXResourcesBuildPhase section */
		FAF613F31C459CA100D320B4 /* Resources */ = {
			isa = PBXResourcesBuildPhase;
			buildActionMask = 2147483647;
			files = (
				FAF614031C459CA100D320B4 /* LaunchScreen.storyboard in Resources */,
				FAF614001C459CA100D320B4 /* Assets.xcassets in Resources */,
				FAF613FE1C459CA100D320B4 /* Main.storyboard in Resources */,
			);
			runOnlyForDeploymentPostprocessing = 0;
		};
		FAF614071C459CA100D320B4 /* Resources */ = {
			isa = PBXResourcesBuildPhase;
			buildActionMask = 2147483647;
			files = (
			);
			runOnlyForDeploymentPostprocessing = 0;
		};
		FAF614121C459CA100D320B4 /* Resources */ = {
			isa = PBXResourcesBuildPhase;
			buildActionMask = 2147483647;
			files = (
			);
			runOnlyForDeploymentPostprocessing = 0;
		};
/* End PBXResourcesBuildPhase section */

/* Begin PBXSourcesBuildPhase section */
		FAF613F11C459CA100D320B4 /* Sources */ = {
			isa = PBXSourcesBuildPhase;
			buildActionMask = 2147483647;
			files = (
				FA774CDD1C46D67500EED88E /* CounterViewController.swift in Sources */,
				FA37AA571C5524BF00834CDF /* Font+MonospacedDigits.swift in Sources */,
				FAF613F91C459CA100D320B4 /* AppDelegate.swift in Sources */,
			);
			runOnlyForDeploymentPostprocessing = 0;
		};
		FAF614051C459CA100D320B4 /* Sources */ = {
			isa = PBXSourcesBuildPhase;
			buildActionMask = 2147483647;
			files = (
				FAF6140E1C459CA100D320B4 /* CounterTests.swift in Sources */,
			);
			runOnlyForDeploymentPostprocessing = 0;
		};
		FAF614101C459CA100D320B4 /* Sources */ = {
			isa = PBXSourcesBuildPhase;
			buildActionMask = 2147483647;
			files = (
				FAF614191C459CA100D320B4 /* CounterUITests.swift in Sources */,
			);
			runOnlyForDeploymentPostprocessing = 0;
		};
/* End PBXSourcesBuildPhase section */

/* Begin PBXTargetDependency section */
		FAF6140B1C459CA100D320B4 /* PBXTargetDependency */ = {
			isa = PBXTargetDependency;
			target = FAF613F41C459CA100D320B4 /* Counter */;
			targetProxy = FAF6140A1C459CA100D320B4 /* PBXContainerItemProxy */;
		};
		FAF614161C459CA100D320B4 /* PBXTargetDependency */ = {
			isa = PBXTargetDependency;
			target = FAF613F41C459CA100D320B4 /* Counter */;
			targetProxy = FAF614151C459CA100D320B4 /* PBXContainerItemProxy */;
		};
/* End PBXTargetDependency section */

/* Begin PBXVariantGroup section */
		FAF613FC1C459CA100D320B4 /* Main.storyboard */ = {
			isa = PBXVariantGroup;
			children = (
				FAF613FD1C459CA100D320B4 /* Base */,
			);
			name = Main.storyboard;
			sourceTree = "<group>";
		};
		FAF614011C459CA100D320B4 /* LaunchScreen.storyboard */ = {
			isa = PBXVariantGroup;
			children = (
				FAF614021C459CA100D320B4 /* Base */,
			);
			name = LaunchScreen.storyboard;
			sourceTree = "<group>";
		};
/* End PBXVariantGroup section */

/* Begin XCBuildConfiguration section */
		FAF6141B1C459CA100D320B4 /* Debug */ = {
			isa = XCBuildConfiguration;
			buildSettings = {
				ALWAYS_SEARCH_USER_PATHS = NO;
				CLANG_CXX_LANGUAGE_STANDARD = "gnu++0x";
				CLANG_CXX_LIBRARY = "libc++";
				CLANG_ENABLE_MODULES = YES;
				CLANG_ENABLE_OBJC_ARC = YES;
				CLANG_WARN_BOOL_CONVERSION = YES;
				CLANG_WARN_CONSTANT_CONVERSION = YES;
				CLANG_WARN_DIRECT_OBJC_ISA_USAGE = YES_ERROR;
				CLANG_WARN_EMPTY_BODY = YES;
				CLANG_WARN_ENUM_CONVERSION = YES;
				CLANG_WARN_INT_CONVERSION = YES;
				CLANG_WARN_OBJC_ROOT_CLASS = YES_ERROR;
				CLANG_WARN_UNREACHABLE_CODE = YES;
				CLANG_WARN__DUPLICATE_METHOD_MATCH = YES;
				"CODE_SIGN_IDENTITY[sdk=iphoneos*]" = "iPhone Developer";
				COPY_PHASE_STRIP = NO;
				DEBUG_INFORMATION_FORMAT = dwarf;
				ENABLE_STRICT_OBJC_MSGSEND = YES;
				ENABLE_TESTABILITY = YES;
				GCC_C_LANGUAGE_STANDARD = gnu99;
				GCC_DYNAMIC_NO_PIC = NO;
				GCC_NO_COMMON_BLOCKS = YES;
				GCC_OPTIMIZATION_LEVEL = 0;
				GCC_PREPROCESSOR_DEFINITIONS = (
					"DEBUG=1",
					"$(inherited)",
				);
				GCC_WARN_64_TO_32_BIT_CONVERSION = YES;
				GCC_WARN_ABOUT_RETURN_TYPE = YES_ERROR;
				GCC_WARN_UNDECLARED_SELECTOR = YES;
				GCC_WARN_UNINITIALIZED_AUTOS = YES_AGGRESSIVE;
				GCC_WARN_UNUSED_FUNCTION = YES;
				GCC_WARN_UNUSED_VARIABLE = YES;
				IPHONEOS_DEPLOYMENT_TARGET = 9.1;
				MTL_ENABLE_DEBUG_INFO = YES;
				ONLY_ACTIVE_ARCH = YES;
				SDKROOT = iphoneos;
				SWIFT_OPTIMIZATION_LEVEL = "-Onone";
				TARGETED_DEVICE_FAMILY = "1,2";
			};
			name = Debug;
		};
		FAF6141C1C459CA100D320B4 /* Release */ = {
			isa = XCBuildConfiguration;
			buildSettings = {
				ALWAYS_SEARCH_USER_PATHS = NO;
				CLANG_CXX_LANGUAGE_STANDARD = "gnu++0x";
				CLANG_CXX_LIBRARY = "libc++";
				CLANG_ENABLE_MODULES = YES;
				CLANG_ENABLE_OBJC_ARC = YES;
				CLANG_WARN_BOOL_CONVERSION = YES;
				CLANG_WARN_CONSTANT_CONVERSION = YES;
				CLANG_WARN_DIRECT_OBJC_ISA_USAGE = YES_ERROR;
				CLANG_WARN_EMPTY_BODY = YES;
				CLANG_WARN_ENUM_CONVERSION = YES;
				CLANG_WARN_INT_CONVERSION = YES;
				CLANG_WARN_OBJC_ROOT_CLASS = YES_ERROR;
				CLANG_WARN_UNREACHABLE_CODE = YES;
				CLANG_WARN__DUPLICATE_METHOD_MATCH = YES;
				"CODE_SIGN_IDENTITY[sdk=iphoneos*]" = "iPhone Developer";
				COPY_PHASE_STRIP = NO;
				DEBUG_INFORMATION_FORMAT = "dwarf-with-dsym";
				ENABLE_NS_ASSERTIONS = NO;
				ENABLE_STRICT_OBJC_MSGSEND = YES;
				GCC_C_LANGUAGE_STANDARD = gnu99;
				GCC_NO_COMMON_BLOCKS = YES;
				GCC_WARN_64_TO_32_BIT_CONVERSION = YES;
				GCC_WARN_ABOUT_RETURN_TYPE = YES_ERROR;
				GCC_WARN_UNDECLARED_SELECTOR = YES;
				GCC_WARN_UNINITIALIZED_AUTOS = YES_AGGRESSIVE;
				GCC_WARN_UNUSED_FUNCTION = YES;
				GCC_WARN_UNUSED_VARIABLE = YES;
				IPHONEOS_DEPLOYMENT_TARGET = 9.1;
				MTL_ENABLE_DEBUG_INFO = NO;
				SDKROOT = iphoneos;
				TARGETED_DEVICE_FAMILY = "1,2";
				VALIDATE_PRODUCT = YES;
			};
			name = Release;
		};
		FAF6141E1C459CA100D320B4 /* Debug */ = {
			isa = XCBuildConfiguration;
			buildSettings = {
				ASSETCATALOG_COMPILER_APPICON_NAME = AppIcon;
				INFOPLIST_FILE = Counter/Info.plist;
				LD_RUNPATH_SEARCH_PATHS = "$(inherited) @executable_path/Frameworks";
				PRODUCT_BUNDLE_IDENTIFIER = "Fengwei-Zhang.Counter";
				PRODUCT_NAME = "$(TARGET_NAME)";
			};
			name = Debug;
		};
		FAF6141F1C459CA100D320B4 /* Release */ = {
			isa = XCBuildConfiguration;
			buildSettings = {
				ASSETCATALOG_COMPILER_APPICON_NAME = AppIcon;
				INFOPLIST_FILE = Counter/Info.plist;
				LD_RUNPATH_SEARCH_PATHS = "$(inherited) @executable_path/Frameworks";
				PRODUCT_BUNDLE_IDENTIFIER = "Fengwei-Zhang.Counter";
				PRODUCT_NAME = "$(TARGET_NAME)";
			};
			name = Release;
		};
		FAF614211C459CA100D320B4 /* Debug */ = {
			isa = XCBuildConfiguration;
			buildSettings = {
				BUNDLE_LOADER = "$(TEST_HOST)";
				INFOPLIST_FILE = CounterTests/Info.plist;
				LD_RUNPATH_SEARCH_PATHS = "$(inherited) @executable_path/Frameworks @loader_path/Frameworks";
				PRODUCT_BUNDLE_IDENTIFIER = "Fengwei-Zhang.CounterTests";
				PRODUCT_NAME = "$(TARGET_NAME)";
				TEST_HOST = "$(BUILT_PRODUCTS_DIR)/Counter.app/Counter";
			};
			name = Debug;
		};
		FAF614221C459CA100D320B4 /* Release */ = {
			isa = XCBuildConfiguration;
			buildSettings = {
				BUNDLE_LOADER = "$(TEST_HOST)";
				INFOPLIST_FILE = CounterTests/Info.plist;
				LD_RUNPATH_SEARCH_PATHS = "$(inherited) @executable_path/Frameworks @loader_path/Frameworks";
				PRODUCT_BUNDLE_IDENTIFIER = "Fengwei-Zhang.CounterTests";
				PRODUCT_NAME = "$(TARGET_NAME)";
				TEST_HOST = "$(BUILT_PRODUCTS_DIR)/Counter.app/Counter";
			};
			name = Release;
		};
		FAF614241C459CA100D320B4 /* Debug */ = {
			isa = XCBuildConfiguration;
			buildSettings = {
				INFOPLIST_FILE = CounterUITests/Info.plist;
				LD_RUNPATH_SEARCH_PATHS = "$(inherited) @executable_path/Frameworks @loader_path/Frameworks";
				PRODUCT_BUNDLE_IDENTIFIER = "Fengwei-Zhang.CounterUITests";
				PRODUCT_NAME = "$(TARGET_NAME)";
				TEST_TARGET_NAME = Counter;
				USES_XCTRUNNER = YES;
			};
			name = Debug;
		};
		FAF614251C459CA100D320B4 /* Release */ = {
			isa = XCBuildConfiguration;
			buildSettings = {
				INFOPLIST_FILE = CounterUITests/Info.plist;
				LD_RUNPATH_SEARCH_PATHS = "$(inherited) @executable_path/Frameworks @loader_path/Frameworks";
				PRODUCT_BUNDLE_IDENTIFIER = "Fengwei-Zhang.CounterUITests";
				PRODUCT_NAME = "$(TARGET_NAME)";
				TEST_TARGET_NAME = Counter;
				USES_XCTRUNNER = YES;
			};
			name = Release;
		};
/* End XCBuildConfiguration section */

/* Begin XCConfigurationList section */
		FAF613F01C459CA100D320B4 /* Build configuration list for PBXProject "Counter" */ = {
			isa = XCConfigurationList;
			buildConfigurations = (
				FAF6141B1C459CA100D320B4 /* Debug */,
				FAF6141C1C459CA100D320B4 /* Release */,
			);
			defaultConfigurationIsVisible = 0;
			defaultConfigurationName = Release;
		};
		FAF6141D1C459CA100D320B4 /* Build configuration list for PBXNativeTarget "Counter" */ = {
			isa = XCConfigurationList;
			buildConfigurations = (
				FAF6141E1C459CA100D320B4 /* Debug */,
				FAF6141F1C459CA100D320B4 /* Release */,
			);
			defaultConfigurationIsVisible = 0;
			defaultConfigurationName = Release;
		};
		FAF614201C459CA100D320B4 /* Build configuration list for PBXNativeTarget "CounterTests" */ = {
			isa = XCConfigurationList;
			buildConfigurations = (
				FAF614211C459CA100D320B4 /* Debug */,
				FAF614221C459CA100D320B4 /* Release */,
			);
			defaultConfigurationIsVisible = 0;
			defaultConfigurationName = Release;
		};
		FAF614231C459CA100D320B4 /* Build configuration list for PBXNativeTarget "CounterUITests" */ = {
			isa = XCConfigurationList;
			buildConfigurations = (
				FAF614241C459CA100D320B4 /* Debug */,
				FAF614251C459CA100D320B4 /* Release */,
			);
			defaultConfigurationIsVisible = 0;
			defaultConfigurationName = Release;
		};
/* End XCConfigurationList section */
	};
	rootObject = FAF613ED1C459CA100D320B4 /* Project object */;
}
